
Microsoft Visual Studio Solution File, Format Version 12.00
# Visual Studio Version 17
VisualStudioVersion = 17.7.34202.233
MinimumVisualStudioVersion = 10.0.40219.1
Project("{9A19103F-16F7-4668-BE54-9A1E7A4F7556}") = "CharacterAPI", "CharacterAPI\CharacterAPI.csproj", "{46BCD27B-DB52-45D4-997A-9A8E45AA05C8}"
EndProject
Project("{9A19103F-16F7-4668-BE54-9A1E7A4F7556}") = "DataSeeder", "DataSeeder\DataSeeder.csproj", "{B8183D6E-636E-4B0A-9102-D675C51DD511}"
EndProject
Global
	GlobalSection(SolutionConfigurationPlatforms) = preSolution
		Debug|Any CPU = Debug|Any CPU
		Release|Any CPU = Release|Any CPU
	EndGlobalSection
	GlobalSection(ProjectConfigurationPlatforms) = postSolution
		{46BCD27B-DB52-45D4-997A-9A8E45AA05C8}.Debug|Any CPU.ActiveCfg = Debug|Any CPU
		{46BCD27B-DB52-45D4-997A-9A8E45AA05C8}.Debug|Any CPU.Build.0 = Debug|Any CPU
		{46BCD27B-DB52-45D4-997A-9A8E45AA05C8}.Release|Any CPU.ActiveCfg = Release|Any CPU
		{46BCD27B-DB52-45D4-997A-9A8E45AA05C8}.Release|Any CPU.Build.0 = Release|Any CPU
		{B8183D6E-636E-4B0A-9102-D675C51DD511}.Debug|Any CPU.ActiveCfg = Debug|Any CPU
		{B8183D6E-636E-4B0A-9102-D675C51DD511}.Debug|Any CPU.Build.0 = Debug|Any CPU
		{B8183D6E-636E-4B0A-9102-D675C51DD511}.Release|Any CPU.ActiveCfg = Release|Any CPU
		{B8183D6E-636E-4B0A-9102-D675C51DD511}.Release|Any CPU.Build.0 = Release|Any CPU
	EndGlobalSection
	GlobalSection(SolutionProperties) = preSolution
		HideSolutionNode = FALSE
	EndGlobalSection
	GlobalSection(ExtensibilityGlobals) = postSolution
		SolutionGuid = {5709E0A7-C2C1-40F4-BE4D-954DA4DEDB45}
	EndGlobalSection
EndGlobal
